{
    "name": "@spark-ui/theme",
    "version": "0.0.0",
    "lockfileVersion": 2,
    "requires": true,
    "packages": {
        "": {
            "name": "@spark-ui/theme",
            "version": "0.0.0",
            "license": "MIT",
            "bin": {
                "theme": "dist/src/index.mjs"
            },
            "devDependencies": {
                "hex-rgb": "5.0.0",
                "parent-module": "3.0.0"
            }
        },
        "node_modules/callsites": {
            "version": "4.0.0",
            "resolved": "https://registry.npmjs.org/callsites/-/callsites-4.0.0.tgz",
            "integrity": "sha512-y3jRROutgpKdz5vzEhWM34TidDU8vkJppF8dszITeb1PQmSqV3DTxyV8G/lyO/DNvtE1YTedehmw9MPZsCBHxQ==",
            "dev": true,
            "engines": {
                "node": ">=12.20"
            },
            "funding": {
                "url": "https://github.com/sponsors/sindresorhus"
            }
        },
        "node_modules/hex-rgb": {
            "version": "5.0.0",
            "resolved": "https://registry.npmjs.org/hex-rgb/-/hex-rgb-5.0.0.tgz",
            "integrity": "sha512-NQO+lgVUCtHxZ792FodgW0zflK+ozS9X9dwGp9XvvmPlH7pyxd588cn24TD3rmPm/N0AIRXF10Otah8yKqGw4w==",
            "dev": true,
            "engines": {
                "node": ">=12"
            },
            "funding": {
                "url": "https://github.com/sponsors/sindresorhus"
            }
        },
        "node_modules/parent-module": {
            "version": "3.0.0",
            "resolved": "https://registry.npmjs.org/parent-module/-/parent-module-3.0.0.tgz",
            "integrity": "sha512-zJXn5iKdXXUV51iC7O4nHiPs/eWnkd0obrHDlOKQ6/MafFrxljinW6hCkr0UTsAGq7B+NXT2wIfLshcD+5RvIw==",
            "dev": true,
            "dependencies": {
                "callsites": "^4.0.0"
            },
            "engines": {
                "node": "^12.20.0 || ^14.13.1 || >=16.0.0"
            },
            "funding": {
                "url": "https://github.com/sponsors/sindresorhus"
            }
        }
    },
    "dependencies": {
        "callsites": {
            "version": "4.0.0",
            "resolved": "https://registry.npmjs.org/callsites/-/callsites-4.0.0.tgz",
            "integrity": "sha512-y3jRROutgpKdz5vzEhWM34TidDU8vkJppF8dszITeb1PQmSqV3DTxyV8G/lyO/DNvtE1YTedehmw9MPZsCBHxQ==",
            "dev": true
        },
        "hex-rgb": {
            "version": "5.0.0",
            "resolved": "https://registry.npmjs.org/hex-rgb/-/hex-rgb-5.0.0.tgz",
            "integrity": "sha512-NQO+lgVUCtHxZ792FodgW0zflK+ozS9X9dwGp9XvvmPlH7pyxd588cn24TD3rmPm/N0AIRXF10Otah8yKqGw4w==",
            "dev": true
        },
        "parent-module": {
            "version": "3.0.0",
            "resolved": "https://registry.npmjs.org/parent-module/-/parent-module-3.0.0.tgz",
            "integrity": "sha512-zJXn5iKdXXUV51iC7O4nHiPs/eWnkd0obrHDlOKQ6/MafFrxljinW6hCkr0UTsAGq7B+NXT2wIfLshcD+5RvIw==",
            "dev": true,
            "requires": {
                "callsites": "^4.0.0"
            }
        }
    }
}
